// !$*UTF8*$!
{
	archiveVersion = 1;
	classes = {
	};
	objectVersion = 46;
	objects = {

/* Begin PBXBuildFile section */
		B705EE2E1EA62DD100193B4B /* CoreDataStack.swift in Sources */ = {isa = PBXBuildFile; fileRef = B705EE2D1EA62DD100193B4B /* CoreDataStack.swift */; };
		B75182881E825A1800189952 /* FlickrAPI.swift in Sources */ = {isa = PBXBuildFile; fileRef = B75182871E825A1800189952 /* FlickrAPI.swift */; };
		B77A11A31E8067B1006A005C /* AppDelegate.swift in Sources */ = {isa = PBXBuildFile; fileRef = B77A11A21E8067B1006A005C /* AppDelegate.swift */; };
		B77A11A81E8067B1006A005C /* Main.storyboard in Resources */ = {isa = PBXBuildFile; fileRef = B77A11A61E8067B1006A005C /* Main.storyboard */; };
		B77A11AA1E8067B1006A005C /* Assets.xcassets in Resources */ = {isa = PBXBuildFile; fileRef = B77A11A91E8067B1006A005C /* Assets.xcassets */; };
		B77A11AD1E8067B1006A005C /* LaunchScreen.storyboard in Resources */ = {isa = PBXBuildFile; fileRef = B77A11AB1E8067B1006A005C /* LaunchScreen.storyboard */; };
		B77A11B51E8067D7006A005C /* PhotosViewController.swift in Sources */ = {isa = PBXBuildFile; fileRef = B77A11B41E8067D7006A005C /* PhotosViewController.swift */; };
		B77A11B91E80782B006A005C /* PhotoStore.swift in Sources */ = {isa = PBXBuildFile; fileRef = B77A11B81E80782B006A005C /* PhotoStore.swift */; };
		B7A1166F1EA5EA96006BCD73 /* PhotoDataSource.swift in Sources */ = {isa = PBXBuildFile; fileRef = B7A1166E1EA5EA96006BCD73 /* PhotoDataSource.swift */; };
		B7A116761EA5F3AD006BCD73 /* PhotoCollectionViewCell.swift in Sources */ = {isa = PBXBuildFile; fileRef = B7A116751EA5F3AD006BCD73 /* PhotoCollectionViewCell.swift */; };
		B7A116781EA60F73006BCD73 /* PhotoInfoViewController.swift in Sources */ = {isa = PBXBuildFile; fileRef = B7A116771EA60F73006BCD73 /* PhotoInfoViewController.swift */; };
		B7A1167B1EA6258E006BCD73 /* Photorama.xcdatamodeld in Sources */ = {isa = PBXBuildFile; fileRef = B7A116791EA6258E006BCD73 /* Photorama.xcdatamodeld */; };
		B7A1167E1EA62881006BCD73 /* Photo+CoreDataClass.swift in Sources */ = {isa = PBXBuildFile; fileRef = B7A1167C1EA62881006BCD73 /* Photo+CoreDataClass.swift */; };
		B7A1167F1EA62881006BCD73 /* Photo+CoreDataProperties.swift in Sources */ = {isa = PBXBuildFile; fileRef = B7A1167D1EA62881006BCD73 /* Photo+CoreDataProperties.swift */; };
/* End PBXBuildFile section */

/* Begin PBXFileReference section */
		B705EE2D1EA62DD100193B4B /* CoreDataStack.swift */ = {isa = PBXFileReference; fileEncoding = 4; lastKnownFileType = sourcecode.swift; path = CoreDataStack.swift; sourceTree = "<group>"; };
		B75182871E825A1800189952 /* FlickrAPI.swift */ = {isa = PBXFileReference; fileEncoding = 4; lastKnownFileType = sourcecode.swift; path = FlickrAPI.swift; sourceTree = "<group>"; };
		B77A119F1E8067B1006A005C /* Photorama.app */ = {isa = PBXFileReference; explicitFileType = wrapper.application; includeInIndex = 0; path = Photorama.app; sourceTree = BUILT_PRODUCTS_DIR; };
		B77A11A21E8067B1006A005C /* AppDelegate.swift */ = {isa = PBXFileReference; lastKnownFileType = sourcecode.swift; path = AppDelegate.swift; sourceTree = "<group>"; };
		B77A11A71E8067B1006A005C /* Base */ = {isa = PBXFileReference; lastKnownFileType = file.storyboard; name = Base; path = Base.lproj/Main.storyboard; sourceTree = "<group>"; };
		B77A11A91E8067B1006A005C /* Assets.xcassets */ = {isa = PBXFileReference; lastKnownFileType = folder.assetcatalog; path = Assets.xcassets; sourceTree = "<group>"; };
		B77A11AC1E8067B1006A005C /* Base */ = {isa = PBXFileReference; lastKnownFileType = file.storyboard; name = Base; path = Base.lproj/LaunchScreen.storyboard; sourceTree = "<group>"; };
		B77A11AE1E8067B1006A005C /* Info.plist */ = {isa = PBXFileReference; lastKnownFileType = text.plist.xml; path = Info.plist; sourceTree = "<group>"; };
		B77A11B41E8067D7006A005C /* PhotosViewController.swift */ = {isa = PBXFileReference; fileEncoding = 4; lastKnownFileType = sourcecode.swift; path = PhotosViewController.swift; sourceTree = "<group>"; };
		B77A11B81E80782B006A005C /* PhotoStore.swift */ = {isa = PBXFileReference; fileEncoding = 4; lastKnownFileType = sourcecode.swift; path = PhotoStore.swift; sourceTree = "<group>"; };
		B7A1166E1EA5EA96006BCD73 /* PhotoDataSource.swift */ = {isa = PBXFileReference; fileEncoding = 4; lastKnownFileType = sourcecode.swift; path = PhotoDataSource.swift; sourceTree = "<group>"; };
		B7A116751EA5F3AD006BCD73 /* PhotoCollectionViewCell.swift */ = {isa = PBXFileReference; fileEncoding = 4; lastKnownFileType = sourcecode.swift; path = PhotoCollectionViewCell.swift; sourceTree = "<group>"; };
		B7A116771EA60F73006BCD73 /* PhotoInfoViewController.swift */ = {isa = PBXFileReference; fileEncoding = 4; lastKnownFileType = sourcecode.swift; path = PhotoInfoViewController.swift; sourceTree = "<group>"; };
		B7A1167A1EA6258E006BCD73 /* Photorama.xcdatamodel */ = {isa = PBXFileReference; lastKnownFileType = wrapper.xcdatamodel; path = Photorama.xcdatamodel; sourceTree = "<group>"; };
		B7A1167C1EA62881006BCD73 /* Photo+CoreDataClass.swift */ = {isa = PBXFileReference; fileEncoding = 4; lastKnownFileType = sourcecode.swift; path = "Photo+CoreDataClass.swift"; sourceTree = "<group>"; };
		B7A1167D1EA62881006BCD73 /* Photo+CoreDataProperties.swift */ = {isa = PBXFileReference; fileEncoding = 4; lastKnownFileType = sourcecode.swift; path = "Photo+CoreDataProperties.swift"; sourceTree = "<group>"; };
/* End PBXFileReference section */

/* Begin PBXFrameworksBuildPhase section */
		B77A119C1E8067B1006A005C /* Frameworks */ = {
			isa = PBXFrameworksBuildPhase;
			buildActionMask = 2147483647;
			files = (
			);
			runOnlyForDeploymentPostprocessing = 0;
		};
/* End PBXFrameworksBuildPhase section */

/* Begin PBXGroup section */
		B77A11961E8067B1006A005C = {
			isa = PBXGroup;
			children = (
				B77A11A11E8067B1006A005C /* Photorama */,
				B7A116731EA5EF1A006BCD73 /* Supporting Files */,
				B77A11A01E8067B1006A005C /* Products */,
			);
			sourceTree = "<group>";
		};
		B77A11A01E8067B1006A005C /* Products */ = {
			isa = PBXGroup;
			children = (
				B77A119F1E8067B1006A005C /* Photorama.app */,
			);
			name = Products;
			sourceTree = "<group>";
		};
		B77A11A11E8067B1006A005C /* Photorama */ = {
			isa = PBXGroup;
			children = (
				B7A116721EA5EEFF006BCD73 /* Controller */,
				B7A116741EA5EF3E006BCD73 /* View */,
				B7A116711EA5EEF3006BCD73 /* Model */,
			);
			path = Photorama;
			sourceTree = "<group>";
		};
		B7A116711EA5EEF3006BCD73 /* Model */ = {
			isa = PBXGroup;
			children = (
				B7A1167C1EA62881006BCD73 /* Photo+CoreDataClass.swift */,
				B7A1167D1EA62881006BCD73 /* Photo+CoreDataProperties.swift */,
				B7A116791EA6258E006BCD73 /* Photorama.xcdatamodeld */,
				B75182871E825A1800189952 /* FlickrAPI.swift */,
				B77A11B81E80782B006A005C /* PhotoStore.swift */,
				B705EE2D1EA62DD100193B4B /* CoreDataStack.swift */,
			);
			name = Model;
			sourceTree = "<group>";
		};
		B7A116721EA5EEFF006BCD73 /* Controller */ = {
			isa = PBXGroup;
			children = (
				B7A1166E1EA5EA96006BCD73 /* PhotoDataSource.swift */,
				B77A11B41E8067D7006A005C /* PhotosViewController.swift */,
				B7A116771EA60F73006BCD73 /* PhotoInfoViewController.swift */,
			);
			name = Controller;
			sourceTree = "<group>";
		};
		B7A116731EA5EF1A006BCD73 /* Supporting Files */ = {
			isa = PBXGroup;
			children = (
				B77A11A21E8067B1006A005C /* AppDelegate.swift */,
				B77A11A91E8067B1006A005C /* Assets.xcassets */,
				B77A11AB1E8067B1006A005C /* LaunchScreen.storyboard */,
				B77A11AE1E8067B1006A005C /* Info.plist */,
			);
			name = "Supporting Files";
			path = Photorama;
			sourceTree = "<group>";
		};
		B7A116741EA5EF3E006BCD73 /* View */ = {
			isa = PBXGroup;
			children = (
				B77A11A61E8067B1006A005C /* Main.storyboard */,
				B7A116751EA5F3AD006BCD73 /* PhotoCollectionViewCell.swift */,
			);
			name = View;
			sourceTree = "<group>";
		};
/* End PBXGroup section */

/* Begin PBXNativeTarget section */
		B77A119E1E8067B1006A005C /* Photorama */ = {
			isa = PBXNativeTarget;
			buildConfigurationList = B77A11B11E8067B1006A005C /* Build configuration list for PBXNativeTarget "Photorama" */;
			buildPhases = (
				B77A119B1E8067B1006A005C /* Sources */,
				B77A119C1E8067B1006A005C /* Frameworks */,
				B77A119D1E8067B1006A005C /* Resources */,
			);
			buildRules = (
			);
			dependencies = (
			);
			name = Photorama;
			productName = Photorama;
			productReference = B77A119F1E8067B1006A005C /* Photorama.app */;
			productType = "com.apple.product-type.application";
		};
/* End PBXNativeTarget section */

/* Begin PBXProject section */
		B77A11971E8067B1006A005C /* Project object */ = {
			isa = PBXProject;
			attributes = {
				LastSwiftUpdateCheck = 0820;
				LastUpgradeCheck = 0820;
				ORGANIZATIONNAME = "Rahul Ranjan";
				TargetAttributes = {
					B77A119E1E8067B1006A005C = {
						CreatedOnToolsVersion = 8.2.1;
						LastSwiftMigration = 0830;
						ProvisioningStyle = Automatic;
					};
				};
			};
			buildConfigurationList = B77A119A1E8067B1006A005C /* Build configuration list for PBXProject "Photorama" */;
			compatibilityVersion = "Xcode 3.2";
			developmentRegion = English;
			hasScannedForEncodings = 0;
			knownRegions = (
				en,
				Base,
			);
			mainGroup = B77A11961E8067B1006A005C;
			productRefGroup = B77A11A01E8067B1006A005C /* Products */;
			projectDirPath = "";
			projectRoot = "";
			targets = (
				B77A119E1E8067B1006A005C /* Photorama */,
			);
		};
/* End PBXProject section */

/* Begin PBXResourcesBuildPhase section */
		B77A119D1E8067B1006A005C /* Resources */ = {
			isa = PBXResourcesBuildPhase;
			buildActionMask = 2147483647;
			files = (
				B77A11AD1E8067B1006A005C /* LaunchScreen.storyboard in Resources */,
				B77A11AA1E8067B1006A005C /* Assets.xcassets in Resources */,
				B77A11A81E8067B1006A005C /* Main.storyboard in Resources */,
			);
			runOnlyForDeploymentPostprocessing = 0;
		};
/* End PBXResourcesBuildPhase section */

/* Begin PBXSourcesBuildPhase section */
		B77A119B1E8067B1006A005C /* Sources */ = {
			isa = PBXSourcesBuildPhase;
			buildActionMask = 2147483647;
			files = (
				B77A11B51E8067D7006A005C /* PhotosViewController.swift in Sources */,
				B77A11B91E80782B006A005C /* PhotoStore.swift in Sources */,
				B7A1167B1EA6258E006BCD73 /* Photorama.xcdatamodeld in Sources */,
				B75182881E825A1800189952 /* FlickrAPI.swift in Sources */,
				B7A1166F1EA5EA96006BCD73 /* PhotoDataSource.swift in Sources */,
				B7A116761EA5F3AD006BCD73 /* PhotoCollectionViewCell.swift in Sources */,
				B705EE2E1EA62DD100193B4B /* CoreDataStack.swift in Sources */,
				B7A1167E1EA62881006BCD73 /* Photo+CoreDataClass.swift in Sources */,
				B7A116781EA60F73006BCD73 /* PhotoInfoViewController.swift in Sources */,
				B7A1167F1EA62881006BCD73 /* Photo+CoreDataProperties.swift in Sources */,
				B77A11A31E8067B1006A005C /* AppDelegate.swift in Sources */,
			);
			runOnlyForDeploymentPostprocessing = 0;
		};
/* End PBXSourcesBuildPhase section */

/* Begin PBXVariantGroup section */
		B77A11A61E8067B1006A005C /* Main.storyboard */ = {
			isa = PBXVariantGroup;
			children = (
				B77A11A71E8067B1006A005C /* Base */,
			);
			name = Main.storyboard;
			sourceTree = "<group>";
		};
		B77A11AB1E8067B1006A005C /* LaunchScreen.storyboard */ = {
			isa = PBXVariantGroup;
			children = (
				B77A11AC1E8067B1006A005C /* Base */,
			);
			name = LaunchScreen.storyboard;
			sourceTree = "<group>";
		};
/* End PBXVariantGroup section */

/* Begin XCBuildConfiguration section */
		B77A11AF1E8067B1006A005C /* Debug */ = {
			isa = XCBuildConfiguration;
			buildSettings = {
				ALWAYS_SEARCH_USER_PATHS = NO;
				CLANG_ANALYZER_NONNULL = YES;
				CLANG_CXX_LANGUAGE_STANDARD = "gnu++0x";
				CLANG_CXX_LIBRARY = "libc++";
				CLANG_ENABLE_MODULES = YES;
				CLANG_ENABLE_OBJC_ARC = YES;
				CLANG_WARN_BOOL_CONVERSION = YES;
				CLANG_WARN_CONSTANT_CONVERSION = YES;
				CLANG_WARN_DIRECT_OBJC_ISA_USAGE = YES_ERROR;
				CLANG_WARN_DOCUMENTATION_COMMENTS = YES;
				CLANG_WARN_EMPTY_BODY = YES;
				CLANG_WARN_ENUM_CONVERSION = YES;
				CLANG_WARN_INFINITE_RECURSION = YES;
				CLANG_WARN_INT_CONVERSION = YES;
				CLANG_WARN_OBJC_ROOT_CLASS = YES_ERROR;
				CLANG_WARN_SUSPICIOUS_MOVE = YES;
				CLANG_WARN_UNREACHABLE_CODE = YES;
				CLANG_WARN__DUPLICATE_METHOD_MATCH = YES;
				"CODE_SIGN_IDENTITY[sdk=iphoneos*]" = "iPhone Developer";
				COPY_PHASE_STRIP = NO;
				DEBUG_INFORMATION_FORMAT = dwarf;
				ENABLE_STRICT_OBJC_MSGSEND = YES;
				ENABLE_TESTABILITY = YES;
				GCC_C_LANGUAGE_STANDARD = gnu99;
				GCC_DYNAMIC_NO_PIC = NO;
				GCC_NO_COMMON_BLOCKS = YES;
				GCC_OPTIMIZATION_LEVEL = 0;
				GCC_PREPROCESSOR_DEFINITIONS = (
					"DEBUG=1",
					"$(inherited)",
				);
				GCC_WARN_64_TO_32_BIT_CONVERSION = YES;
				GCC_WARN_ABOUT_RETURN_TYPE = YES_ERROR;
				GCC_WARN_UNDECLARED_SELECTOR = YES;
				GCC_WARN_UNINITIALIZED_AUTOS = YES_AGGRESSIVE;
				GCC_WARN_UNUSED_FUNCTION = YES;
				GCC_WARN_UNUSED_VARIABLE = YES;
				IPHONEOS_DEPLOYMENT_TARGET = 10.2;
				MTL_ENABLE_DEBUG_INFO = YES;
				ONLY_ACTIVE_ARCH = YES;
				SDKROOT = iphoneos;
				SWIFT_ACTIVE_COMPILATION_CONDITIONS = DEBUG;
				SWIFT_OPTIMIZATION_LEVEL = "-Onone";
			};
			name = Debug;
		};
		B77A11B01E8067B1006A005C /* Release */ = {
			isa = XCBuildConfiguration;
			buildSettings = {
				ALWAYS_SEARCH_USER_PATHS = NO;
				CLANG_ANALYZER_NONNULL = YES;
				CLANG_CXX_LANGUAGE_STANDARD = "gnu++0x";
				CLANG_CXX_LIBRARY = "libc++";
				CLANG_ENABLE_MODULES = YES;
				CLANG_ENABLE_OBJC_ARC = YES;
				CLANG_WARN_BOOL_CONVERSION = YES;
				CLANG_WARN_CONSTANT_CONVERSION = YES;
				CLANG_WARN_DIRECT_OBJC_ISA_USAGE = YES_ERROR;
				CLANG_WARN_DOCUMENTATION_COMMENTS = YES;
				CLANG_WARN_EMPTY_BODY = YES;
				CLANG_WARN_ENUM_CONVERSION = YES;
				CLANG_WARN_INFINITE_RECURSION = YES;
				CLANG_WARN_INT_CONVERSION = YES;
				CLANG_WARN_OBJC_ROOT_CLASS = YES_ERROR;
				CLANG_WARN_SUSPICIOUS_MOVE = YES;
				CLANG_WARN_UNREACHABLE_CODE = YES;
				CLANG_WARN__DUPLICATE_METHOD_MATCH = YES;
				"CODE_SIGN_IDENTITY[sdk=iphoneos*]" = "iPhone Developer";
				COPY_PHASE_STRIP = NO;
				DEBUG_INFORMATION_FORMAT = "dwarf-with-dsym";
				ENABLE_NS_ASSERTIONS = NO;
				ENABLE_STRICT_OBJC_MSGSEND = YES;
				GCC_C_LANGUAGE_STANDARD = gnu99;
				GCC_NO_COMMON_BLOCKS = YES;
				GCC_WARN_64_TO_32_BIT_CONVERSION = YES;
				GCC_WARN_ABOUT_RETURN_TYPE = YES_ERROR;
				GCC_WARN_UNDECLARED_SELECTOR = YES;
				GCC_WARN_UNINITIALIZED_AUTOS = YES_AGGRESSIVE;
				GCC_WARN_UNUSED_FUNCTION = YES;
				GCC_WARN_UNUSED_VARIABLE = YES;
				IPHONEOS_DEPLOYMENT_TARGET = 10.2;
				MTL_ENABLE_DEBUG_INFO = NO;
				SDKROOT = iphoneos;
				SWIFT_OPTIMIZATION_LEVEL = "-Owholemodule";
				VALIDATE_PRODUCT = YES;
			};
			name = Release;
		};
		B77A11B21E8067B1006A005C /* Debug */ = {
			isa = XCBuildConfiguration;
			buildSettings = {
				ASSETCATALOG_COMPILER_APPICON_NAME = AppIcon;
				CLANG_ENABLE_MODULES = YES;
				INFOPLIST_FILE = Photorama/Info.plist;
				LD_RUNPATH_SEARCH_PATHS = "$(inherited) @executable_path/Frameworks";
				PRODUCT_BUNDLE_IDENTIFIER = maze.Photorama;
				PRODUCT_NAME = "$(TARGET_NAME)";
				SWIFT_OPTIMIZATION_LEVEL = "-Onone";
				SWIFT_VERSION = 3.0;
			};
			name = Debug;
		};
		B77A11B31E8067B1006A005C /* Release */ = {
			isa = XCBuildConfiguration;
			buildSettings = {
				ASSETCATALOG_COMPILER_APPICON_NAME = AppIcon;
				CLANG_ENABLE_MODULES = YES;
				INFOPLIST_FILE = Photorama/Info.plist;
				LD_RUNPATH_SEARCH_PATHS = "$(inherited) @executable_path/Frameworks";
				PRODUCT_BUNDLE_IDENTIFIER = maze.Photorama;
				PRODUCT_NAME = "$(TARGET_NAME)";
				SWIFT_VERSION = 3.0;
			};
			name = Release;
		};
/* End XCBuildConfiguration section */

/* Begin XCConfigurationList section */
		B77A119A1E8067B1006A005C /* Build configuration list for PBXProject "Photorama" */ = {
			isa = XCConfigurationList;
			buildConfigurations = (
				B77A11AF1E8067B1006A005C /* Debug */,
				B77A11B01E8067B1006A005C /* Release */,
			);
			defaultConfigurationIsVisible = 0;
			defaultConfigurationName = Release;
		};
		B77A11B11E8067B1006A005C /* Build configuration list for PBXNativeTarget "Photorama" */ = {
			isa = XCConfigurationList;
			buildConfigurations = (
				B77A11B21E8067B1006A005C /* Debug */,
				B77A11B31E8067B1006A005C /* Release */,
			);
			defaultConfigurationIsVisible = 0;
			defaultConfigurationName = Release;
		};
/* End XCConfigurationList section */

/* Begin XCVersionGroup section */
		B7A116791EA6258E006BCD73 /* Photorama.xcdatamodeld */ = {
			isa = XCVersionGroup;
			children = (
				B7A1167A1EA6258E006BCD73 /* Photorama.xcdatamodel */,
			);
			currentVersion = B7A1167A1EA6258E006BCD73 /* Photorama.xcdatamodel */;
			path = Photorama.xcdatamodeld;
			sourceTree = "<group>";
			versionGroupType = wrapper.xcdatamodel;
		};
/* End XCVersionGroup section */
	};
	rootObject = B77A11971E8067B1006A005C /* Project object */;
}
